// !$*UTF8*$!
{
	archiveVersion = 1;
	classes = {
	};
	objectVersion = 48;
	objects = {

/* Begin PBXBuildFile section */
		230C8560208F147B0059CE27 /* AppDelegate.swift in Sources */ = {isa = PBXBuildFile; fileRef = 230C855F208F147B0059CE27 /* AppDelegate.swift */; };
		230C8562208F147C0059CE27 /* GameScene.sks in Resources */ = {isa = PBXBuildFile; fileRef = 230C8561208F147C0059CE27 /* GameScene.sks */; };
		230C8564208F147C0059CE27 /* Actions.sks in Resources */ = {isa = PBXBuildFile; fileRef = 230C8563208F147C0059CE27 /* Actions.sks */; };
		230C8566208F147C0059CE27 /* GameScene.swift in Sources */ = {isa = PBXBuildFile; fileRef = 230C8565208F147C0059CE27 /* GameScene.swift */; };
		230C8568208F147C0059CE27 /* GameViewController.swift in Sources */ = {isa = PBXBuildFile; fileRef = 230C8567208F147C0059CE27 /* GameViewController.swift */; };
		230C856B208F147C0059CE27 /* Main.storyboard in Resources */ = {isa = PBXBuildFile; fileRef = 230C8569208F147C0059CE27 /* Main.storyboard */; };
		230C856D208F147C0059CE27 /* Assets.xcassets in Resources */ = {isa = PBXBuildFile; fileRef = 230C856C208F147C0059CE27 /* Assets.xcassets */; };
		230C8570208F147C0059CE27 /* LaunchScreen.storyboard in Resources */ = {isa = PBXBuildFile; fileRef = 230C856E208F147C0059CE27 /* LaunchScreen.storyboard */; };
/* End PBXBuildFile section */

/* Begin PBXFileReference section */
		230C855C208F147B0059CE27 /* first_drop_ZombieConga.app */ = {isa = PBXFileReference; explicitFileType = wrapper.application; includeInIndex = 0; path = first_drop_ZombieConga.app; sourceTree = BUILT_PRODUCTS_DIR; };
		230C855F208F147B0059CE27 /* AppDelegate.swift */ = {isa = PBXFileReference; lastKnownFileType = sourcecode.swift; path = AppDelegate.swift; sourceTree = "<group>"; };
		230C8561208F147C0059CE27 /* GameScene.sks */ = {isa = PBXFileReference; lastKnownFileType = file.sks; path = GameScene.sks; sourceTree = "<group>"; };
		230C8563208F147C0059CE27 /* Actions.sks */ = {isa = PBXFileReference; lastKnownFileType = file.sks; path = Actions.sks; sourceTree = "<group>"; };
		230C8565208F147C0059CE27 /* GameScene.swift */ = {isa = PBXFileReference; lastKnownFileType = sourcecode.swift; path = GameScene.swift; sourceTree = "<group>"; };
		230C8567208F147C0059CE27 /* GameViewController.swift */ = {isa = PBXFileReference; lastKnownFileType = sourcecode.swift; path = GameViewController.swift; sourceTree = "<group>"; };
		230C856A208F147C0059CE27 /* Base */ = {isa = PBXFileReference; lastKnownFileType = file.storyboard; name = Base; path = Base.lproj/Main.storyboard; sourceTree = "<group>"; };
		230C856C208F147C0059CE27 /* Assets.xcassets */ = {isa = PBXFileReference; lastKnownFileType = folder.assetcatalog; path = Assets.xcassets; sourceTree = "<group>"; };
		230C856F208F147C0059CE27 /* Base */ = {isa = PBXFileReference; lastKnownFileType = file.storyboard; name = Base; path = Base.lproj/LaunchScreen.storyboard; sourceTree = "<group>"; };
		230C8571208F147C0059CE27 /* Info.plist */ = {isa = PBXFileReference; lastKnownFileType = text.plist.xml; path = Info.plist; sourceTree = "<group>"; };
/* End PBXFileReference section */

/* Begin PBXFrameworksBuildPhase section */
		230C8559208F147B0059CE27 /* Frameworks */ = {
			isa = PBXFrameworksBuildPhase;
			buildActionMask = 2147483647;
			files = (
			);
			runOnlyForDeploymentPostprocessing = 0;
		};
/* End PBXFrameworksBuildPhase section */

/* Begin PBXGroup section */
		230C8553208F147B0059CE27 = {
			isa = PBXGroup;
			children = (
				230C855E208F147B0059CE27 /* first_drop_ZombieConga */,
				230C855D208F147B0059CE27 /* Products */,
			);
			sourceTree = "<group>";
		};
		230C855D208F147B0059CE27 /* Products */ = {
			isa = PBXGroup;
			children = (
				230C855C208F147B0059CE27 /* first_drop_ZombieConga.app */,
			);
			name = Products;
			sourceTree = "<group>";
		};
		230C855E208F147B0059CE27 /* first_drop_ZombieConga */ = {
			isa = PBXGroup;
			children = (
				230C855F208F147B0059CE27 /* AppDelegate.swift */,
				230C8561208F147C0059CE27 /* GameScene.sks */,
				230C8563208F147C0059CE27 /* Actions.sks */,
				230C8565208F147C0059CE27 /* GameScene.swift */,
				230C8567208F147C0059CE27 /* GameViewController.swift */,
				230C8569208F147C0059CE27 /* Main.storyboard */,
				230C856C208F147C0059CE27 /* Assets.xcassets */,
				230C856E208F147C0059CE27 /* LaunchScreen.storyboard */,
				230C8571208F147C0059CE27 /* Info.plist */,
			);
			path = first_drop_ZombieConga;
			sourceTree = "<group>";
		};
/* End PBXGroup section */

/* Begin PBXNativeTarget section */
		230C855B208F147B0059CE27 /* first_drop_ZombieConga */ = {
			isa = PBXNativeTarget;
			buildConfigurationList = 230C8574208F147C0059CE27 /* Build configuration list for PBXNativeTarget "first_drop_ZombieConga" */;
			buildPhases = (
				230C8558208F147B0059CE27 /* Sources */,
				230C8559208F147B0059CE27 /* Frameworks */,
				230C855A208F147B0059CE27 /* Resources */,
			);
			buildRules = (
			);
			dependencies = (
			);
			name = first_drop_ZombieConga;
			productName = first_drop_ZombieConga;
			productReference = 230C855C208F147B0059CE27 /* first_drop_ZombieConga.app */;
			productType = "com.apple.product-type.application";
		};
/* End PBXNativeTarget section */

/* Begin PBXProject section */
		230C8554208F147B0059CE27 /* Project object */ = {
			isa = PBXProject;
			attributes = {
				LastSwiftUpdateCheck = 0910;
				LastUpgradeCheck = 0910;
				ORGANIZATIONNAME = dengjiangzhou;
				TargetAttributes = {
					230C855B208F147B0059CE27 = {
						CreatedOnToolsVersion = 9.1;
						ProvisioningStyle = Automatic;
					};
				};
			};
			buildConfigurationList = 230C8557208F147B0059CE27 /* Build configuration list for PBXProject "first_drop_ZombieConga" */;
			compatibilityVersion = "Xcode 8.0";
			developmentRegion = en;
			hasScannedForEncodings = 0;
			knownRegions = (
				en,
				Base,
			);
			mainGroup = 230C8553208F147B0059CE27;
			productRefGroup = 230C855D208F147B0059CE27 /* Products */;
			projectDirPath = "";
			projectRoot = "";
			targets = (
				230C855B208F147B0059CE27 /* first_drop_ZombieConga */,
			);
		};
/* End PBXProject section */

/* Begin PBXResourcesBuildPhase section */
		230C855A208F147B0059CE27 /* Resources */ = {
			isa = PBXResourcesBuildPhase;
			buildActionMask = 2147483647;
			files = (
				230C856B208F147C0059CE27 /* Main.storyboard in Resources */,
				230C8562208F147C0059CE27 /* GameScene.sks in Resources */,
				230C856D208F147C0059CE27 /* Assets.xcassets in Resources */,
				230C8570208F147C0059CE27 /* LaunchScreen.storyboard in Resources */,
				230C8564208F147C0059CE27 /* Actions.sks in Resources */,
			);
			runOnlyForDeploymentPostprocessing = 0;
		};
/* End PBXResourcesBuildPhase section */

/* Begin PBXSourcesBuildPhase section */
		230C8558208F147B0059CE27 /* Sources */ = {
			isa = PBXSourcesBuildPhase;
			buildActionMask = 2147483647;
			files = (
				230C8566208F147C0059CE27 /* GameScene.swift in Sources */,
				230C8568208F147C0059CE27 /* GameViewController.swift in Sources */,
				230C8560208F147B0059CE27 /* AppDelegate.swift in Sources */,
			);
			runOnlyForDeploymentPostprocessing = 0;
		};
/* End PBXSourcesBuildPhase section */

/* Begin PBXVariantGroup section */
		230C8569208F147C0059CE27 /* Main.storyboard */ = {
			isa = PBXVariantGroup;
			children = (
				230C856A208F147C0059CE27 /* Base */,
			);
			name = Main.storyboard;
			sourceTree = "<group>";
		};
		230C856E208F147C0059CE27 /* LaunchScreen.storyboard */ = {
			isa = PBXVariantGroup;
			children = (
				230C856F208F147C0059CE27 /* Base */,
			);
			name = LaunchScreen.storyboard;
			sourceTree = "<group>";
		};
/* End PBXVariantGroup section */

/* Begin XCBuildConfiguration section */
		230C8572208F147C0059CE27 /* Debug */ = {
			isa = XCBuildConfiguration;
			buildSettings = {
				ALWAYS_SEARCH_USER_PATHS = NO;
				CLANG_ANALYZER_NONNULL = YES;
				CLANG_ANALYZER_NUMBER_OBJECT_CONVERSION = YES_AGGRESSIVE;
				CLANG_CXX_LANGUAGE_STANDARD = "gnu++14";
				CLANG_CXX_LIBRARY = "libc++";
				CLANG_ENABLE_MODULES = YES;
				CLANG_ENABLE_OBJC_ARC = YES;
				CLANG_WARN_BLOCK_CAPTURE_AUTORELEASING = YES;
				CLANG_WARN_BOOL_CONVERSION = YES;
				CLANG_WARN_COMMA = YES;
				CLANG_WARN_CONSTANT_CONVERSION = YES;
				CLANG_WARN_DIRECT_OBJC_ISA_USAGE = YES_ERROR;
				CLANG_WARN_DOCUMENTATION_COMMENTS = YES;
				CLANG_WARN_EMPTY_BODY = YES;
				CLANG_WARN_ENUM_CONVERSION = YES;
				CLANG_WARN_INFINITE_RECURSION = YES;
				CLANG_WARN_INT_CONVERSION = YES;
				CLANG_WARN_NON_LITERAL_NULL_CONVERSION = YES;
				CLANG_WARN_OBJC_LITERAL_CONVERSION = YES;
				CLANG_WARN_OBJC_ROOT_CLASS = YES_ERROR;
				CLANG_WARN_RANGE_LOOP_ANALYSIS = YES;
				CLANG_WARN_STRICT_PROTOTYPES = YES;
				CLANG_WARN_SUSPICIOUS_MOVE = YES;
				CLANG_WARN_UNGUARDED_AVAILABILITY = YES_AGGRESSIVE;
				CLANG_WARN_UNREACHABLE_CODE = YES;
				CLANG_WARN__DUPLICATE_METHOD_MATCH = YES;
				CODE_SIGN_IDENTITY = "iPhone Developer";
				COPY_PHASE_STRIP = NO;
				DEBUG_INFORMATION_FORMAT = dwarf;
				ENABLE_STRICT_OBJC_MSGSEND = YES;
				ENABLE_TESTABILITY = YES;
				GCC_C_LANGUAGE_STANDARD = gnu11;
				GCC_DYNAMIC_NO_PIC = NO;
				GCC_NO_COMMON_BLOCKS = YES;
				GCC_OPTIMIZATION_LEVEL = 0;
				GCC_PREPROCESSOR_DEFINITIONS = (
					"DEBUG=1",
					"$(inherited)",
				);
				GCC_WARN_64_TO_32_BIT_CONVERSION = YES;
				GCC_WARN_ABOUT_RETURN_TYPE = YES_ERROR;
				GCC_WARN_UNDECLARED_SELECTOR = YES;
				GCC_WARN_UNINITIALIZED_AUTOS = YES_AGGRESSIVE;
				GCC_WARN_UNUSED_FUNCTION = YES;
				GCC_WARN_UNUSED_VARIABLE = YES;
				IPHONEOS_DEPLOYMENT_TARGET = 11.1;
				MTL_ENABLE_DEBUG_INFO = YES;
				ONLY_ACTIVE_ARCH = YES;
				SDKROOT = iphoneos;
				SWIFT_ACTIVE_COMPILATION_CONDITIONS = DEBUG;
				SWIFT_OPTIMIZATION_LEVEL = "-Onone";
			};
			name = Debug;
		};
		230C8573208F147C0059CE27 /* Release */ = {
			isa = XCBuildConfiguration;
			buildSettings = {
				ALWAYS_SEARCH_USER_PATHS = NO;
				CLANG_ANALYZER_NONNULL = YES;
				CLANG_ANALYZER_NUMBER_OBJECT_CONVERSION = YES_AGGRESSIVE;
				CLANG_CXX_LANGUAGE_STANDARD = "gnu++14";
				CLANG_CXX_LIBRARY = "libc++";
				CLANG_ENABLE_MODULES = YES;
				CLANG_ENABLE_OBJC_ARC = YES;
				CLANG_WARN_BLOCK_CAPTURE_AUTORELEASING = YES;
				CLANG_WARN_BOOL_CONVERSION = YES;
				CLANG_WARN_COMMA = YES;
				CLANG_WARN_CONSTANT_CONVERSION = YES;
				CLANG_WARN_DIRECT_OBJC_ISA_USAGE = YES_ERROR;
				CLANG_WARN_DOCUMENTATION_COMMENTS = YES;
				CLANG_WARN_EMPTY_BODY = YES;
				CLANG_WARN_ENUM_CONVERSION = YES;
				CLANG_WARN_INFINITE_RECURSION = YES;
				CLANG_WARN_INT_CONVERSION = YES;
				CLANG_WARN_NON_LITERAL_NULL_CONVERSION = YES;
				CLANG_WARN_OBJC_LITERAL_CONVERSION = YES;
				CLANG_WARN_OBJC_ROOT_CLASS = YES_ERROR;
				CLANG_WARN_RANGE_LOOP_ANALYSIS = YES;
				CLANG_WARN_STRICT_PROTOTYPES = YES;
				CLANG_WARN_SUSPICIOUS_MOVE = YES;
				CLANG_WARN_UNGUARDED_AVAILABILITY = YES_AGGRESSIVE;
				CLANG_WARN_UNREACHABLE_CODE = YES;
				CLANG_WARN__DUPLICATE_METHOD_MATCH = YES;
				CODE_SIGN_IDENTITY = "iPhone Developer";
				COPY_PHASE_STRIP = NO;
				DEBUG_INFORMATION_FORMAT = "dwarf-with-dsym";
				ENABLE_NS_ASSERTIONS = NO;
				ENABLE_STRICT_OBJC_MSGSEND = YES;
				GCC_C_LANGUAGE_STANDARD = gnu11;
				GCC_NO_COMMON_BLOCKS = YES;
				GCC_WARN_64_TO_32_BIT_CONVERSION = YES;
				GCC_WARN_ABOUT_RETURN_TYPE = YES_ERROR;
				GCC_WARN_UNDECLARED_SELECTOR = YES;
				GCC_WARN_UNINITIALIZED_AUTOS = YES_AGGRESSIVE;
				GCC_WARN_UNUSED_FUNCTION = YES;
				GCC_WARN_UNUSED_VARIABLE = YES;
				IPHONEOS_DEPLOYMENT_TARGET = 11.1;
				MTL_ENABLE_DEBUG_INFO = NO;
				SDKROOT = iphoneos;
				SWIFT_OPTIMIZATION_LEVEL = "-Owholemodule";
				VALIDATE_PRODUCT = YES;
			};
			name = Release;
		};
		230C8575208F147C0059CE27 /* Debug */ = {
			isa = XCBuildConfiguration;
			buildSettings = {
				ASSETCATALOG_COMPILER_APPICON_NAME = AppIcon;
				CODE_SIGN_STYLE = Automatic;
				DEVELOPMENT_TEAM = 9ZPF2ERCW9;
				INFOPLIST_FILE = first_drop_ZombieConga/Info.plist;
				LD_RUNPATH_SEARCH_PATHS = "$(inherited) @executable_path/Frameworks";
				PRODUCT_BUNDLE_IDENTIFIER = "dengjiangzhou.first-drop-ZombieConga";
				PRODUCT_NAME = "$(TARGET_NAME)";
				SWIFT_VERSION = 4.0;
				TARGETED_DEVICE_FAMILY = "1,2";
			};
			name = Debug;
		};
		230C8576208F147C0059CE27 /* Release */ = {
			isa = XCBuildConfiguration;
			buildSettings = {
				ASSETCATALOG_COMPILER_APPICON_NAME = AppIcon;
				CODE_SIGN_STYLE = Automatic;
				DEVELOPMENT_TEAM = 9ZPF2ERCW9;
				INFOPLIST_FILE = first_drop_ZombieConga/Info.plist;
				LD_RUNPATH_SEARCH_PATHS = "$(inherited) @executable_path/Frameworks";
				PRODUCT_BUNDLE_IDENTIFIER = "dengjiangzhou.first-drop-ZombieConga";
				PRODUCT_NAME = "$(TARGET_NAME)";
				SWIFT_VERSION = 4.0;
				TARGETED_DEVICE_FAMILY = "1,2";
			};
			name = Release;
		};
/* End XCBuildConfiguration section */

/* Begin XCConfigurationList section */
		230C8557208F147B0059CE27 /* Build configuration list for PBXProject "first_drop_ZombieConga" */ = {
			isa = XCConfigurationList;
			buildConfigurations = (
				230C8572208F147C0059CE27 /* Debug */,
				230C8573208F147C0059CE27 /* Release */,
			);
			defaultConfigurationIsVisible = 0;
			defaultConfigurationName = Release;
		};
		230C8574208F147C0059CE27 /* Build configuration list for PBXNativeTarget "first_drop_ZombieConga" */ = {
			isa = XCConfigurationList;
			buildConfigurations = (
				230C8575208F147C0059CE27 /* Debug */,
				230C8576208F147C0059CE27 /* Release */,
			);
			defaultConfigurationIsVisible = 0;
			defaultConfigurationName = Release;
		};
/* End XCConfigurationList section */
	};
	rootObject = 230C8554208F147B0059CE27 /* Project object */;
}
